{
    "_readme": [
        "This file locks the dependencies of your project to a known state",
        "Read more about it at https://getcomposer.org/doc/01-basic-usage.md#installing-dependencies",
        "This file is @generated automatically"
    ],
    "content-hash": "c95f9f898d1a05cf7fdd37238ba139ca",
    "packages": [
        {
            "name": "phore/cli-tools",
            "version": "dev-master",
            "source": {
                "type": "git",
                "url": "https://github.com/phore/phore-cli-tools.git",
                "reference": "6ad824350aded1f79336841b76630b386b63f3b4"
            },
            "dist": {
                "type": "zip",
                "url": "https://api.github.com/repos/phore/phore-cli-tools/zipball/6ad824350aded1f79336841b76630b386b63f3b4",
                "reference": "6ad824350aded1f79336841b76630b386b63f3b4",
                "shasum": ""
            },
            "require": {
                "ext-readline": "*",
                "phore/core": "*",
                "php": ">=7.2",
                "psr/log": "^1.1"
            },
            "require-dev": {
                "phore/log": "*",
                "phpunit/phpunit": "*"
            },
            "suggest": {
                "phore/log": "Enable advanced logging / out capabilities"
            },
            "default-branch": true,
            "type": "library",
            "autoload": {
                "psr-4": {
                    "Phore\\CliTools\\Demo\\": "demo_app",
                    "Phore\\CliTools\\": "src"
                }
            },
            "notification-url": "https://packagist.org/downloads/",
            "license": [
                "MIT"
            ],
            "authors": [
                {
                    "name": "Matthias Leuffen",
                    "email": "m@tth.es"
                }
            ],
            "description": "Cli helper tools",
            "homepage": "https://infracamp.com/phore",
            "keywords": [
                "CloudIA",
                "cli",
                "secrets"
            ],
            "support": {
                "issues": "https://github.com/phore/phore-cli-tools/issues",
                "source": "https://github.com/phore/phore-cli-tools/tree/master"
            },
            "time": "2020-12-16T01:06:48+00:00"
        },
        {
            "name": "phore/core",
            "version": "dev-master",
            "source": {
                "type": "git",
                "url": "https://github.com/phore/phore-core.git",
                "reference": "78b98f759e055380ee5d3837aafd10e443339010"
            },
            "dist": {
                "type": "zip",
                "url": "https://api.github.com/repos/phore/phore-core/zipball/78b98f759e055380ee5d3837aafd10e443339010",
                "reference": "78b98f759e055380ee5d3837aafd10e443339010",
                "shasum": ""
            },
            "require": {
                "php": ">=7.1"
            },
            "require-dev": {
                "ext-json": "*",
                "ext-sodium": "*",
                "ext-yaml": "*",
                "phpunit/phpunit": "*"
            },
            "suggest": {
                "ext-json": "Json encoding parsing",
                "ext-sodium": "Encryption functions",
                "ext-yaml": "Yaml encoding parsing"
            },
            "default-branch": true,
            "type": "library",
            "autoload": {
                "psr-4": {
                    "Phore\\Core\\": "src/"
                },
                "files": [
                    "src/functions.inc.php"
                ]
            },
            "notification-url": "https://packagist.org/downloads/",
            "license": [
                "MIT"
            ],
            "authors": [
                {
                    "name": "Matthias Leuffen",
                    "email": "m@tth.es"
                }
            ],
            "description": "Phore core library",
            "homepage": "https://infracamp.org/project/phore",
            "support": {
                "issues": "https://github.com/phore/phore-core/issues",
                "source": "https://github.com/phore/phore-core/tree/master"
            },
            "time": "2020-09-22T10:24:50+00:00"
        },
        {
            "name": "phore/filesystem",
            "version": "dev-master",
            "source": {
                "type": "git",
                "url": "https://github.com/phore/phore-filesystem.git",
                "reference": "6a0eef1ad83168d2d78f0a50f88b000ab2dd170f"
            },
            "dist": {
                "type": "zip",
                "url": "https://api.github.com/repos/phore/phore-filesystem/zipball/6a0eef1ad83168d2d78f0a50f88b000ab2dd170f",
                "reference": "6a0eef1ad83168d2d78f0a50f88b000ab2dd170f",
                "shasum": ""
            },
            "require": {
                "ext-json": "*",
                "ext-yaml": "*",
                "phore/core": "*",
                "php": ">7.1",
                "psr/http-message": "^1.0@dev"
            },
            "require-dev": {
                "phpunit/phpunit": "^8.0@dev"
            },
            "default-branch": true,
            "type": "library",
            "autoload": {
                "psr-4": {
                    "Phore\\FileSystem\\": "src/"
                },
                "files": [
                    "src/functions.php"
                ]
            },
            "notification-url": "https://packagist.org/downloads/",
            "license": [
                "MIT"
            ],
            "authors": [
                {
                    "name": "Matthias Leuffen",
                    "email": "leuffen@continue.de"
                }
            ],
            "description": "Acces files layer",
            "homepage": "http://infracamp.org/project/phore",
            "support": {
                "issues": "https://github.com/phore/phore-filesystem/issues",
                "source": "https://github.com/phore/phore-filesystem/tree/master"
            },
            "time": "2021-02-18T22:09:53+00:00"
        },
        {
            "name": "phore/hydrator",
            "version": "dev-master",
            "source": {
                "type": "git",
                "url": "https://github.com/phore/phore-hydrator.git",
                "reference": "9e5bb8d9f8e652821dde1a0af65871ffe703a606"
            },
            "dist": {
                "type": "zip",
                "url": "https://api.github.com/repos/phore/phore-hydrator/zipball/9e5bb8d9f8e652821dde1a0af65871ffe703a606",
                "reference": "9e5bb8d9f8e652821dde1a0af65871ffe703a606",
                "shasum": ""
            },
            "require": {
                "phore/core": "*",
                "php": ">=7.2"
            },
            "require-dev": {
                "phpunit/phpunit": "*"
            },
            "default-branch": true,
            "type": "library",
            "autoload": {
                "psr-4": {
                    "Phore\\Hydrator\\": "src/"
                },
                "files": [
                    "src/functions.php"
                ]
            },
            "notification-url": "https://packagist.org/downloads/",
            "license": [
                "MIT"
            ],
            "authors": [
                {
                    "name": "Matthias Leuffen",
                    "email": "m@tth.es"
                }
            ],
            "description": "Unserialize arrays into object structure",
            "support": {
                "issues": "https://github.com/phore/phore-hydrator/issues",
                "source": "https://github.com/phore/phore-hydrator/tree/master"
            },
            "time": "2021-02-19T19:29:19+00:00"
        },
        {
            "name": "phore/misc",
            "version": "dev-master",
            "source": {
                "type": "git",
                "url": "https://github.com/phore/phore-misc.git",
                "reference": "459ede03ac6f7404b606c83deb261e93641f8d42"
            },
            "dist": {
                "type": "zip",
                "url": "https://api.github.com/repos/phore/phore-misc/zipball/459ede03ac6f7404b606c83deb261e93641f8d42",
                "reference": "459ede03ac6f7404b606c83deb261e93641f8d42",
                "shasum": ""
            },
            "require": {
                "phore/core": "*",
                "php": ">=7.2"
            },
            "require-dev": {
                "phpunit/phpunit": "*"
            },
            "default-branch": true,
            "type": "library",
            "autoload": {
                "psr-4": {
                    "Phore\\Misc\\": "src/"
                },
                "files": [
                    "src/functions.php"
                ]
            },
            "notification-url": "https://packagist.org/downloads/",
            "license": [
                "MIT"
            ],
            "authors": [
                {
                    "name": "Matthias Leuffen",
                    "email": "m@tth.es"
                }
            ],
            "description": "Incubator project for new features. Use only with dedicated version!",
            "homepage": "https://infracamp.org/project/phore",
            "keywords": [
                "logging",
                "syslog"
            ],
            "support": {
                "issues": "https://github.com/phore/phore-misc/issues",
                "source": "https://github.com/phore/phore-misc/tree/master"
            },
            "time": "2020-12-17T01:46:43+00:00"
        },
        {
            "name": "phore/system",
            "version": "dev-master",
            "source": {
                "type": "git",
                "url": "https://github.com/phore/phore-system.git",
                "reference": "7c5b9fb48c2c434cb8bcb5a7e2726f2ea5109835"
            },
            "dist": {
                "type": "zip",
                "url": "https://api.github.com/repos/phore/phore-system/zipball/7c5b9fb48c2c434cb8bcb5a7e2726f2ea5109835",
                "reference": "7c5b9fb48c2c434cb8bcb5a7e2726f2ea5109835",
                "shasum": ""
            },
            "require": {
                "phore/core": "*",
                "php": ">7.1"
            },
            "require-dev": {
                "phpunit/phpunit": "^8.1"
            },
            "default-branch": true,
            "type": "library",
            "autoload": {
                "psr-4": {
                    "Phore\\System\\": "src/"
                },
                "files": [
                    "src/functions.php"
                ]
            },
            "notification-url": "https://packagist.org/downloads/",
            "license": [
                "MIT"
            ],
            "authors": [
                {
                    "name": "Matthias Leuffen",
                    "email": "leuffen@continue.de"
                }
            ],
            "description": "Execute shell commands",
            "homepage": "https://infracamp.org/project/phore",
            "support": {
                "issues": "https://github.com/phore/phore-system/issues",
                "source": "https://github.com/phore/phore-system/tree/master"
            },
            "time": "2020-09-07T19:03:30+00:00"
        },
        {
            "name": "psr/http-message",
            "version": "dev-master",
            "source": {
                "type": "git",
                "url": "https://github.com/php-fig/http-message.git",
                "reference": "efd67d1dc14a7ef4fc4e518e7dee91c271d524e4"
            },
            "dist": {
                "type": "zip",
                "url": "https://api.github.com/repos/php-fig/http-message/zipball/efd67d1dc14a7ef4fc4e518e7dee91c271d524e4",
                "reference": "efd67d1dc14a7ef4fc4e518e7dee91c271d524e4",
                "shasum": ""
            },
            "require": {
                "php": ">=5.3.0"
            },
            "default-branch": true,
            "type": "library",
            "extra": {
                "branch-alias": {
                    "dev-master": "1.0.x-dev"
                }
            },
            "autoload": {
                "psr-4": {
                    "Psr\\Http\\Message\\": "src/"
                }
            },
            "notification-url": "https://packagist.org/downloads/",
            "license": [
                "MIT"
            ],
            "authors": [
                {
                    "name": "PHP-FIG",
                    "homepage": "http://www.php-fig.org/"
                }
            ],
            "description": "Common interface for HTTP messages",
            "homepage": "https://github.com/php-fig/http-message",
            "keywords": [
                "http",
                "http-message",
                "psr",
                "psr-7",
                "request",
                "response"
            ],
            "support": {
                "source": "https://github.com/php-fig/http-message/tree/master"
            },
            "time": "2019-08-29T13:16:46+00:00"
        },
        {
            "name": "psr/log",
            "version": "dev-master",
            "source": {
                "type": "git",
                "url": "https://github.com/php-fig/log.git",
                "reference": "dd738d0b4491f32725492cf345f6b501f5922fec"
            },
            "dist": {
                "type": "zip",
                "url": "https://api.github.com/repos/php-fig/log/zipball/dd738d0b4491f32725492cf345f6b501f5922fec",
                "reference": "dd738d0b4491f32725492cf345f6b501f5922fec",
                "shasum": ""
            },
            "require": {
                "php": ">=5.3.0"
            },
            "default-branch": true,
            "type": "library",
            "extra": {
                "branch-alias": {
                    "dev-master": "1.1.x-dev"
                }
            },
            "autoload": {
                "psr-4": {
                    "Psr\\Log\\": "Psr/Log/"
                }
            },
            "notification-url": "https://packagist.org/downloads/",
            "license": [
                "MIT"
            ],
            "authors": [
                {
                    "name": "PHP-FIG",
                    "homepage": "https://www.php-fig.org/"
                }
            ],
            "description": "Common interface for logging libraries",
            "homepage": "https://github.com/php-fig/log",
            "keywords": [
                "log",
                "psr",
                "psr-3"
            ],
            "support": {
                "source": "https://github.com/php-fig/log/tree/master"
            },
            "time": "2020-09-18T06:44:51+00:00"
        },
        {
            "name": "rudl/vault",
            "version": "dev-master",
            "source": {
                "type": "git",
                "url": "https://github.com/rudl-project/rudl-vault.git",
                "reference": "51fc27b9b2c01e72237cf250860a44688e6c73cf"
            },
            "dist": {
                "type": "zip",
                "url": "https://api.github.com/repos/rudl-project/rudl-vault/zipball/51fc27b9b2c01e72237cf250860a44688e6c73cf",
                "reference": "51fc27b9b2c01e72237cf250860a44688e6c73cf",
                "shasum": ""
            },
            "require": {
                "phore/cli-tools": "dev-master",
                "phore/core": "dev-master",
                "phore/filesystem": "dev-master",
                "phore/hydrator": "dev-master",
                "phore/misc": "dev-master",
                "phore/system": "dev-master",
                "php": ">=7.4"
            },
            "require-dev": {
                "phore/tester": "*"
            },
            "default-branch": true,
            "bin": [
                "bin/rudlvault"
            ],
            "type": "project",
            "autoload": {
                "psr-4": {
                    "Rudl\\Vault\\": "src"
                }
            },
            "notification-url": "https://packagist.org/downloads/",
            "license": [
                "MIT"
            ],
            "authors": [
                {
                    "name": "Joe Koshy Alex",
                    "email": "joe@talpa-solutions.com"
                },
                {
                    "name": "Matthias Leuffen",
                    "email": "m@tth.es"
                }
            ],
            "description": "GitOps Key Vault",
            "homepage": "https://infracamp.org",
            "keywords": [
                "CloudIA",
                "cloud",
                "secrets"
            ],
            "support": {
                "issues": "https://github.com/rudl-project/rudl-vault/issues",
                "source": "https://github.com/rudl-project/rudl-vault/tree/master"
            },
            "time": "2021-02-18T12:59:27+00:00"
        }
    ],
    "packages-dev": [],
    "aliases": [],
    "minimum-stability": "dev",
    "stability-flags": {
        "rudl/vault": 20
    },
    "prefer-stable": false,
    "prefer-lowest": false,
    "platform": [],
    "platform-dev": [],
    "plugin-api-version": "2.0.0"
}
